// !$*UTF8*$!
{
	archiveVersion = 1;
	classes = {
	};
	objectVersion = 50;
	objects = {

/* Begin PBXBuildFile section */
		343EA1D324645F06004D88D9 /* VTUserDefaults.swift in Sources */ = {isa = PBXBuildFile; fileRef = 343EA1D224645F06004D88D9 /* VTUserDefaults.swift */; };
		343EA1D5246472C3004D88D9 /* MapViewController.swift in Sources */ = {isa = PBXBuildFile; fileRef = 343EA1D4246472C3004D88D9 /* MapViewController.swift */; };
		343EA1D824648F48004D88D9 /* VirtualTourist.xcdatamodeld in Sources */ = {isa = PBXBuildFile; fileRef = 343EA1D624648F48004D88D9 /* VirtualTourist.xcdatamodeld */; };
		343EA1DA24649D7E004D88D9 /* DataController.swift in Sources */ = {isa = PBXBuildFile; fileRef = 343EA1D924649D7E004D88D9 /* DataController.swift */; };
		343EA1DD2464A95A004D88D9 /* Pin+Extensions.swift in Sources */ = {isa = PBXBuildFile; fileRef = 343EA1DC2464A95A004D88D9 /* Pin+Extensions.swift */; };
		343EA1DF24651553004D88D9 /* Photos+Extenstions.swift in Sources */ = {isa = PBXBuildFile; fileRef = 343EA1DE24651553004D88D9 /* Photos+Extenstions.swift */; };
		347A3548245B9B6F009E2903 /* AppDelegate.swift in Sources */ = {isa = PBXBuildFile; fileRef = 347A3547245B9B6F009E2903 /* AppDelegate.swift */; };
		347A354A245B9B6F009E2903 /* SceneDelegate.swift in Sources */ = {isa = PBXBuildFile; fileRef = 347A3549245B9B6F009E2903 /* SceneDelegate.swift */; };
		347A354C245B9B6F009E2903 /* MapWithCollectionViewDetailViewController.swift in Sources */ = {isa = PBXBuildFile; fileRef = 347A354B245B9B6F009E2903 /* MapWithCollectionViewDetailViewController.swift */; };
		347A354F245B9B6F009E2903 /* Main.storyboard in Resources */ = {isa = PBXBuildFile; fileRef = 347A354D245B9B6F009E2903 /* Main.storyboard */; };
		347A3551245B9B70009E2903 /* Assets.xcassets in Resources */ = {isa = PBXBuildFile; fileRef = 347A3550245B9B70009E2903 /* Assets.xcassets */; };
		347A3554245B9B70009E2903 /* LaunchScreen.storyboard in Resources */ = {isa = PBXBuildFile; fileRef = 347A3552245B9B70009E2903 /* LaunchScreen.storyboard */; };
		347A355C245BA15F009E2903 /* Keys.plist in Resources */ = {isa = PBXBuildFile; fileRef = 347A355B245BA15F009E2903 /* Keys.plist */; };
		347A355E245D11DD009E2903 /* FlickrAPI.swift in Sources */ = {isa = PBXBuildFile; fileRef = 347A355D245D11DD009E2903 /* FlickrAPI.swift */; };
		34F6F62A246076CB004C3E5E /* PhotoResponse.swift in Sources */ = {isa = PBXBuildFile; fileRef = 34F6F629246076CB004C3E5E /* PhotoResponse.swift */; };
		34F6F62C24607A47004C3E5E /* PhotosResponse.swift in Sources */ = {isa = PBXBuildFile; fileRef = 34F6F62B24607A47004C3E5E /* PhotosResponse.swift */; };
		34F6F62E24607B55004C3E5E /* ErrorResponse.swift in Sources */ = {isa = PBXBuildFile; fileRef = 34F6F62D24607B55004C3E5E /* ErrorResponse.swift */; };
		34F6F6302460836C004C3E5E /* PhotoCollectionViewCell.swift in Sources */ = {isa = PBXBuildFile; fileRef = 34F6F62F2460836C004C3E5E /* PhotoCollectionViewCell.swift */; };
		34F6F632246096F1004C3E5E /* PhotosSearchResponse.swift in Sources */ = {isa = PBXBuildFile; fileRef = 34F6F631246096F1004C3E5E /* PhotosSearchResponse.swift */; };
/* End PBXBuildFile section */

/* Begin PBXFileReference section */
		343EA1D224645F06004D88D9 /* VTUserDefaults.swift */ = {isa = PBXFileReference; lastKnownFileType = sourcecode.swift; path = VTUserDefaults.swift; sourceTree = "<group>"; };
		343EA1D4246472C3004D88D9 /* MapViewController.swift */ = {isa = PBXFileReference; lastKnownFileType = sourcecode.swift; path = MapViewController.swift; sourceTree = "<group>"; };
		343EA1D724648F48004D88D9 /* VirtualTourist.xcdatamodel */ = {isa = PBXFileReference; lastKnownFileType = wrapper.xcdatamodel; path = VirtualTourist.xcdatamodel; sourceTree = "<group>"; };
		343EA1D924649D7E004D88D9 /* DataController.swift */ = {isa = PBXFileReference; lastKnownFileType = sourcecode.swift; path = DataController.swift; sourceTree = "<group>"; };
		343EA1DC2464A95A004D88D9 /* Pin+Extensions.swift */ = {isa = PBXFileReference; lastKnownFileType = sourcecode.swift; path = "Pin+Extensions.swift"; sourceTree = "<group>"; };
		343EA1DE24651553004D88D9 /* Photos+Extenstions.swift */ = {isa = PBXFileReference; lastKnownFileType = sourcecode.swift; path = "Photos+Extenstions.swift"; sourceTree = "<group>"; };
		347A3544245B9B6F009E2903 /* VirtualTourist.app */ = {isa = PBXFileReference; explicitFileType = wrapper.application; includeInIndex = 0; path = VirtualTourist.app; sourceTree = BUILT_PRODUCTS_DIR; };
		347A3547245B9B6F009E2903 /* AppDelegate.swift */ = {isa = PBXFileReference; lastKnownFileType = sourcecode.swift; path = AppDelegate.swift; sourceTree = "<group>"; };
		347A3549245B9B6F009E2903 /* SceneDelegate.swift */ = {isa = PBXFileReference; lastKnownFileType = sourcecode.swift; path = SceneDelegate.swift; sourceTree = "<group>"; };
		347A354B245B9B6F009E2903 /* MapWithCollectionViewDetailViewController.swift */ = {isa = PBXFileReference; lastKnownFileType = sourcecode.swift; path = MapWithCollectionViewDetailViewController.swift; sourceTree = "<group>"; };
		347A354E245B9B6F009E2903 /* Base */ = {isa = PBXFileReference; lastKnownFileType = file.storyboard; name = Base; path = Base.lproj/Main.storyboard; sourceTree = "<group>"; };
		347A3550245B9B70009E2903 /* Assets.xcassets */ = {isa = PBXFileReference; lastKnownFileType = folder.assetcatalog; path = Assets.xcassets; sourceTree = "<group>"; };
		347A3553245B9B70009E2903 /* Base */ = {isa = PBXFileReference; lastKnownFileType = file.storyboard; name = Base; path = Base.lproj/LaunchScreen.storyboard; sourceTree = "<group>"; };
		347A3555245B9B70009E2903 /* Info.plist */ = {isa = PBXFileReference; lastKnownFileType = text.plist.xml; path = Info.plist; sourceTree = "<group>"; };
		347A355B245BA15F009E2903 /* Keys.plist */ = {isa = PBXFileReference; lastKnownFileType = text.plist.xml; path = Keys.plist; sourceTree = "<group>"; };
		347A355D245D11DD009E2903 /* FlickrAPI.swift */ = {isa = PBXFileReference; lastKnownFileType = sourcecode.swift; path = FlickrAPI.swift; sourceTree = "<group>"; };
		34F6F629246076CB004C3E5E /* PhotoResponse.swift */ = {isa = PBXFileReference; lastKnownFileType = sourcecode.swift; path = PhotoResponse.swift; sourceTree = "<group>"; };
		34F6F62B24607A47004C3E5E /* PhotosResponse.swift */ = {isa = PBXFileReference; lastKnownFileType = sourcecode.swift; path = PhotosResponse.swift; sourceTree = "<group>"; };
		34F6F62D24607B55004C3E5E /* ErrorResponse.swift */ = {isa = PBXFileReference; lastKnownFileType = sourcecode.swift; path = ErrorResponse.swift; sourceTree = "<group>"; };
		34F6F62F2460836C004C3E5E /* PhotoCollectionViewCell.swift */ = {isa = PBXFileReference; lastKnownFileType = sourcecode.swift; path = PhotoCollectionViewCell.swift; sourceTree = "<group>"; };
		34F6F631246096F1004C3E5E /* PhotosSearchResponse.swift */ = {isa = PBXFileReference; lastKnownFileType = sourcecode.swift; path = PhotosSearchResponse.swift; sourceTree = "<group>"; };
/* End PBXFileReference section */

/* Begin PBXFrameworksBuildPhase section */
		347A3541245B9B6F009E2903 /* Frameworks */ = {
			isa = PBXFrameworksBuildPhase;
			buildActionMask = 2147483647;
			files = (
			);
			runOnlyForDeploymentPostprocessing = 0;
		};
/* End PBXFrameworksBuildPhase section */

/* Begin PBXGroup section */
		343EA1DB2464A937004D88D9 /* Managed Object Extensions */ = {
			isa = PBXGroup;
			children = (
				343EA1DC2464A95A004D88D9 /* Pin+Extensions.swift */,
				343EA1DE24651553004D88D9 /* Photos+Extenstions.swift */,
			);
			path = "Managed Object Extensions";
			sourceTree = "<group>";
		};
		347A353B245B9B6F009E2903 = {
			isa = PBXGroup;
			children = (
				347A3546245B9B6F009E2903 /* VirtualTourist */,
				347A3545245B9B6F009E2903 /* Products */,
			);
			sourceTree = "<group>";
		};
		347A3545245B9B6F009E2903 /* Products */ = {
			isa = PBXGroup;
			children = (
				347A3544245B9B6F009E2903 /* VirtualTourist.app */,
			);
			name = Products;
			sourceTree = "<group>";
		};
		347A3546245B9B6F009E2903 /* VirtualTourist */ = {
			isa = PBXGroup;
			children = (
				347A3561245D1238009E2903 /* Model */,
				347A355F245D11F2009E2903 /* View */,
				347A3560245D1206009E2903 /* Controller */,
				347A3550245B9B70009E2903 /* Assets.xcassets */,
				347A3547245B9B6F009E2903 /* AppDelegate.swift */,
				347A3549245B9B6F009E2903 /* SceneDelegate.swift */,
				347A3555245B9B70009E2903 /* Info.plist */,
				347A355B245BA15F009E2903 /* Keys.plist */,
			);
			path = VirtualTourist;
			sourceTree = "<group>";
		};
		347A355F245D11F2009E2903 /* View */ = {
			isa = PBXGroup;
			children = (
				347A354D245B9B6F009E2903 /* Main.storyboard */,
				347A3552245B9B70009E2903 /* LaunchScreen.storyboard */,
			);
			path = View;
			sourceTree = "<group>";
		};
		347A3560245D1206009E2903 /* Controller */ = {
			isa = PBXGroup;
			children = (
				347A354B245B9B6F009E2903 /* MapWithCollectionViewDetailViewController.swift */,
				343EA1D4246472C3004D88D9 /* MapViewController.swift */,
				34F6F62F2460836C004C3E5E /* PhotoCollectionViewCell.swift */,
			);
			path = Controller;
			sourceTree = "<group>";
		};
		347A3561245D1238009E2903 /* Model */ = {
			isa = PBXGroup;
			children = (
				343EA1DB2464A937004D88D9 /* Managed Object Extensions */,
				343EA1D624648F48004D88D9 /* VirtualTourist.xcdatamodeld */,
				343EA1D924649D7E004D88D9 /* DataController.swift */,
				34F6F63424609F2F004C3E5E /* FlickrAPI */,
				343EA1D224645F06004D88D9 /* VTUserDefaults.swift */,
			);
			path = Model;
			sourceTree = "<group>";
		};
		34F6F63324609F24004C3E5E /* Responses */ = {
			isa = PBXGroup;
			children = (
				34F6F62D24607B55004C3E5E /* ErrorResponse.swift */,
				34F6F629246076CB004C3E5E /* PhotoResponse.swift */,
				34F6F62B24607A47004C3E5E /* PhotosResponse.swift */,
				34F6F631246096F1004C3E5E /* PhotosSearchResponse.swift */,
			);
			path = Responses;
			sourceTree = "<group>";
		};
		34F6F63424609F2F004C3E5E /* FlickrAPI */ = {
			isa = PBXGroup;
			children = (
				347A355D245D11DD009E2903 /* FlickrAPI.swift */,
				34F6F63324609F24004C3E5E /* Responses */,
			);
			path = FlickrAPI;
			sourceTree = "<group>";
		};
/* End PBXGroup section */

/* Begin PBXNativeTarget section */
		347A3543245B9B6F009E2903 /* VirtualTourist */ = {
			isa = PBXNativeTarget;
			buildConfigurationList = 347A3558245B9B70009E2903 /* Build configuration list for PBXNativeTarget "VirtualTourist" */;
			buildPhases = (
				347A3540245B9B6F009E2903 /* Sources */,
				347A3541245B9B6F009E2903 /* Frameworks */,
				347A3542245B9B6F009E2903 /* Resources */,
			);
			buildRules = (
			);
			dependencies = (
			);
			name = VirtualTourist;
			productName = VirtualTourist;
			productReference = 347A3544245B9B6F009E2903 /* VirtualTourist.app */;
			productType = "com.apple.product-type.application";
		};
/* End PBXNativeTarget section */

/* Begin PBXProject section */
		347A353C245B9B6F009E2903 /* Project object */ = {
			isa = PBXProject;
			attributes = {
				LastSwiftUpdateCheck = 1140;
				LastUpgradeCheck = 1140;
				ORGANIZATIONNAME = "Shane Lawson";
				TargetAttributes = {
					347A3543245B9B6F009E2903 = {
						CreatedOnToolsVersion = 11.4;
					};
				};
			};
			buildConfigurationList = 347A353F245B9B6F009E2903 /* Build configuration list for PBXProject "VirtualTourist" */;
			compatibilityVersion = "Xcode 9.3";
			developmentRegion = en;
			hasScannedForEncodings = 0;
			knownRegions = (
				en,
				Base,
			);
			mainGroup = 347A353B245B9B6F009E2903;
			productRefGroup = 347A3545245B9B6F009E2903 /* Products */;
			projectDirPath = "";
			projectRoot = "";
			targets = (
				347A3543245B9B6F009E2903 /* VirtualTourist */,
			);
		};
/* End PBXProject section */

/* Begin PBXResourcesBuildPhase section */
		347A3542245B9B6F009E2903 /* Resources */ = {
			isa = PBXResourcesBuildPhase;
			buildActionMask = 2147483647;
			files = (
				347A355C245BA15F009E2903 /* Keys.plist in Resources */,
				347A3554245B9B70009E2903 /* LaunchScreen.storyboard in Resources */,
				347A3551245B9B70009E2903 /* Assets.xcassets in Resources */,
				347A354F245B9B6F009E2903 /* Main.storyboard in Resources */,
			);
			runOnlyForDeploymentPostprocessing = 0;
		};
/* End PBXResourcesBuildPhase section */

/* Begin PBXSourcesBuildPhase section */
		347A3540245B9B6F009E2903 /* Sources */ = {
			isa = PBXSourcesBuildPhase;
			buildActionMask = 2147483647;
			files = (
				34F6F62A246076CB004C3E5E /* PhotoResponse.swift in Sources */,
				34F6F6302460836C004C3E5E /* PhotoCollectionViewCell.swift in Sources */,
				347A354C245B9B6F009E2903 /* MapWithCollectionViewDetailViewController.swift in Sources */,
				343EA1D324645F06004D88D9 /* VTUserDefaults.swift in Sources */,
				34F6F62E24607B55004C3E5E /* ErrorResponse.swift in Sources */,
				34F6F632246096F1004C3E5E /* PhotosSearchResponse.swift in Sources */,
				347A3548245B9B6F009E2903 /* AppDelegate.swift in Sources */,
				343EA1D5246472C3004D88D9 /* MapViewController.swift in Sources */,
				343EA1D824648F48004D88D9 /* VirtualTourist.xcdatamodeld in Sources */,
				343EA1DD2464A95A004D88D9 /* Pin+Extensions.swift in Sources */,
				34F6F62C24607A47004C3E5E /* PhotosResponse.swift in Sources */,
				343EA1DA24649D7E004D88D9 /* DataController.swift in Sources */,
				347A354A245B9B6F009E2903 /* SceneDelegate.swift in Sources */,
				343EA1DF24651553004D88D9 /* Photos+Extenstions.swift in Sources */,
				347A355E245D11DD009E2903 /* FlickrAPI.swift in Sources */,
			);
			runOnlyForDeploymentPostprocessing = 0;
		};
/* End PBXSourcesBuildPhase section */

/* Begin PBXVariantGroup section */
		347A354D245B9B6F009E2903 /* Main.storyboard */ = {
			isa = PBXVariantGroup;
			children = (
				347A354E245B9B6F009E2903 /* Base */,
			);
			name = Main.storyboard;
			sourceTree = "<group>";
		};
		347A3552245B9B70009E2903 /* LaunchScreen.storyboard */ = {
			isa = PBXVariantGroup;
			children = (
				347A3553245B9B70009E2903 /* Base */,
			);
			name = LaunchScreen.storyboard;
			sourceTree = "<group>";
		};
/* End PBXVariantGroup section */

/* Begin XCBuildConfiguration section */
		347A3556245B9B70009E2903 /* Debug */ = {
			isa = XCBuildConfiguration;
			buildSettings = {
				ALWAYS_SEARCH_USER_PATHS = NO;
				CLANG_ANALYZER_NONNULL = YES;
				CLANG_ANALYZER_NUMBER_OBJECT_CONVERSION = YES_AGGRESSIVE;
				CLANG_CXX_LANGUAGE_STANDARD = "gnu++14";
				CLANG_CXX_LIBRARY = "libc++";
				CLANG_ENABLE_MODULES = YES;
				CLANG_ENABLE_OBJC_ARC = YES;
				CLANG_ENABLE_OBJC_WEAK = YES;
				CLANG_WARN_BLOCK_CAPTURE_AUTORELEASING = YES;
				CLANG_WARN_BOOL_CONVERSION = YES;
				CLANG_WARN_COMMA = YES;
				CLANG_WARN_CONSTANT_CONVERSION = YES;
				CLANG_WARN_DEPRECATED_OBJC_IMPLEMENTATIONS = YES;
				CLANG_WARN_DIRECT_OBJC_ISA_USAGE = YES_ERROR;
				CLANG_WARN_DOCUMENTATION_COMMENTS = YES;
				CLANG_WARN_EMPTY_BODY = YES;
				CLANG_WARN_ENUM_CONVERSION = YES;
				CLANG_WARN_INFINITE_RECURSION = YES;
				CLANG_WARN_INT_CONVERSION = YES;
				CLANG_WARN_NON_LITERAL_NULL_CONVERSION = YES;
				CLANG_WARN_OBJC_IMPLICIT_RETAIN_SELF = YES;
				CLANG_WARN_OBJC_LITERAL_CONVERSION = YES;
				CLANG_WARN_OBJC_ROOT_CLASS = YES_ERROR;
				CLANG_WARN_RANGE_LOOP_ANALYSIS = YES;
				CLANG_WARN_STRICT_PROTOTYPES = YES;
				CLANG_WARN_SUSPICIOUS_MOVE = YES;
				CLANG_WARN_UNGUARDED_AVAILABILITY = YES_AGGRESSIVE;
				CLANG_WARN_UNREACHABLE_CODE = YES;
				CLANG_WARN__DUPLICATE_METHOD_MATCH = YES;
				COPY_PHASE_STRIP = NO;
				DEBUG_INFORMATION_FORMAT = dwarf;
				ENABLE_STRICT_OBJC_MSGSEND = YES;
				ENABLE_TESTABILITY = YES;
				GCC_C_LANGUAGE_STANDARD = gnu11;
				GCC_DYNAMIC_NO_PIC = NO;
				GCC_NO_COMMON_BLOCKS = YES;
				GCC_OPTIMIZATION_LEVEL = 0;
				GCC_PREPROCESSOR_DEFINITIONS = (
					"DEBUG=1",
					"$(inherited)",
				);
				GCC_WARN_64_TO_32_BIT_CONVERSION = YES;
				GCC_WARN_ABOUT_RETURN_TYPE = YES_ERROR;
				GCC_WARN_UNDECLARED_SELECTOR = YES;
				GCC_WARN_UNINITIALIZED_AUTOS = YES_AGGRESSIVE;
				GCC_WARN_UNUSED_FUNCTION = YES;
				GCC_WARN_UNUSED_VARIABLE = YES;
				IPHONEOS_DEPLOYMENT_TARGET = 13.4;
				MTL_ENABLE_DEBUG_INFO = INCLUDE_SOURCE;
				MTL_FAST_MATH = YES;
				ONLY_ACTIVE_ARCH = YES;
				SDKROOT = iphoneos;
				SWIFT_ACTIVE_COMPILATION_CONDITIONS = DEBUG;
				SWIFT_OPTIMIZATION_LEVEL = "-Onone";
			};
			name = Debug;
		};
		347A3557245B9B70009E2903 /* Release */ = {
			isa = XCBuildConfiguration;
			buildSettings = {
				ALWAYS_SEARCH_USER_PATHS = NO;
				CLANG_ANALYZER_NONNULL = YES;
				CLANG_ANALYZER_NUMBER_OBJECT_CONVERSION = YES_AGGRESSIVE;
				CLANG_CXX_LANGUAGE_STANDARD = "gnu++14";
				CLANG_CXX_LIBRARY = "libc++";
				CLANG_ENABLE_MODULES = YES;
				CLANG_ENABLE_OBJC_ARC = YES;
				CLANG_ENABLE_OBJC_WEAK = YES;
				CLANG_WARN_BLOCK_CAPTURE_AUTORELEASING = YES;
				CLANG_WARN_BOOL_CONVERSION = YES;
				CLANG_WARN_COMMA = YES;
				CLANG_WARN_CONSTANT_CONVERSION = YES;
				CLANG_WARN_DEPRECATED_OBJC_IMPLEMENTATIONS = YES;
				CLANG_WARN_DIRECT_OBJC_ISA_USAGE = YES_ERROR;
				CLANG_WARN_DOCUMENTATION_COMMENTS = YES;
				CLANG_WARN_EMPTY_BODY = YES;
				CLANG_WARN_ENUM_CONVERSION = YES;
				CLANG_WARN_INFINITE_RECURSION = YES;
				CLANG_WARN_INT_CONVERSION = YES;
				CLANG_WARN_NON_LITERAL_NULL_CONVERSION = YES;
				CLANG_WARN_OBJC_IMPLICIT_RETAIN_SELF = YES;
				CLANG_WARN_OBJC_LITERAL_CONVERSION = YES;
				CLANG_WARN_OBJC_ROOT_CLASS = YES_ERROR;
				CLANG_WARN_RANGE_LOOP_ANALYSIS = YES;
				CLANG_WARN_STRICT_PROTOTYPES = YES;
				CLANG_WARN_SUSPICIOUS_MOVE = YES;
				CLANG_WARN_UNGUARDED_AVAILABILITY = YES_AGGRESSIVE;
				CLANG_WARN_UNREACHABLE_CODE = YES;
				CLANG_WARN__DUPLICATE_METHOD_MATCH = YES;
				COPY_PHASE_STRIP = NO;
				DEBUG_INFORMATION_FORMAT = "dwarf-with-dsym";
				ENABLE_NS_ASSERTIONS = NO;
				ENABLE_STRICT_OBJC_MSGSEND = YES;
				GCC_C_LANGUAGE_STANDARD = gnu11;
				GCC_NO_COMMON_BLOCKS = YES;
				GCC_WARN_64_TO_32_BIT_CONVERSION = YES;
				GCC_WARN_ABOUT_RETURN_TYPE = YES_ERROR;
				GCC_WARN_UNDECLARED_SELECTOR = YES;
				GCC_WARN_UNINITIALIZED_AUTOS = YES_AGGRESSIVE;
				GCC_WARN_UNUSED_FUNCTION = YES;
				GCC_WARN_UNUSED_VARIABLE = YES;
				IPHONEOS_DEPLOYMENT_TARGET = 13.4;
				MTL_ENABLE_DEBUG_INFO = NO;
				MTL_FAST_MATH = YES;
				SDKROOT = iphoneos;
				SWIFT_COMPILATION_MODE = wholemodule;
				SWIFT_OPTIMIZATION_LEVEL = "-O";
				VALIDATE_PRODUCT = YES;
			};
			name = Release;
		};
		347A3559245B9B70009E2903 /* Debug */ = {
			isa = XCBuildConfiguration;
			buildSettings = {
				ASSETCATALOG_COMPILER_APPICON_NAME = AppIcon;
				CODE_SIGN_IDENTITY = "Apple Development";
				CODE_SIGN_STYLE = Automatic;
				DEVELOPMENT_TEAM = CJMFTPPQ4C;
				INFOPLIST_FILE = VirtualTourist/Info.plist;
				LD_RUNPATH_SEARCH_PATHS = (
					"$(inherited)",
					"@executable_path/Frameworks",
				);
				PRODUCT_BUNDLE_IDENTIFIER = info.shanelawson.VirtualTourist;
				PRODUCT_NAME = "$(TARGET_NAME)";
				PROVISIONING_PROFILE_SPECIFIER = "";
				SWIFT_VERSION = 5.0;
				TARGETED_DEVICE_FAMILY = "1,2";
			};
			name = Debug;
		};
		347A355A245B9B70009E2903 /* Release */ = {
			isa = XCBuildConfiguration;
			buildSettings = {
				ASSETCATALOG_COMPILER_APPICON_NAME = AppIcon;
				CODE_SIGN_IDENTITY = "Apple Development";
				CODE_SIGN_STYLE = Automatic;
				DEVELOPMENT_TEAM = CJMFTPPQ4C;
				INFOPLIST_FILE = VirtualTourist/Info.plist;
				LD_RUNPATH_SEARCH_PATHS = (
					"$(inherited)",
					"@executable_path/Frameworks",
				);
				PRODUCT_BUNDLE_IDENTIFIER = info.shanelawson.VirtualTourist;
				PRODUCT_NAME = "$(TARGET_NAME)";
				PROVISIONING_PROFILE_SPECIFIER = "";
				SWIFT_VERSION = 5.0;
				TARGETED_DEVICE_FAMILY = "1,2";
			};
			name = Release;
		};
/* End XCBuildConfiguration section */

/* Begin XCConfigurationList section */
		347A353F245B9B6F009E2903 /* Build configuration list for PBXProject "VirtualTourist" */ = {
			isa = XCConfigurationList;
			buildConfigurations = (
				347A3556245B9B70009E2903 /* Debug */,
				347A3557245B9B70009E2903 /* Release */,
			);
			defaultConfigurationIsVisible = 0;
			defaultConfigurationName = Release;
		};
		347A3558245B9B70009E2903 /* Build configuration list for PBXNativeTarget "VirtualTourist" */ = {
			isa = XCConfigurationList;
			buildConfigurations = (
				347A3559245B9B70009E2903 /* Debug */,
				347A355A245B9B70009E2903 /* Release */,
			);
			defaultConfigurationIsVisible = 0;
			defaultConfigurationName = Release;
		};
/* End XCConfigurationList section */

/* Begin XCVersionGroup section */
		343EA1D624648F48004D88D9 /* VirtualTourist.xcdatamodeld */ = {
			isa = XCVersionGroup;
			children = (
				343EA1D724648F48004D88D9 /* VirtualTourist.xcdatamodel */,
			);
			currentVersion = 343EA1D724648F48004D88D9 /* VirtualTourist.xcdatamodel */;
			path = VirtualTourist.xcdatamodeld;
			sourceTree = "<group>";
			versionGroupType = wrapper.xcdatamodel;
		};
/* End XCVersionGroup section */
	};
	rootObject = 347A353C245B9B6F009E2903 /* Project object */;
}
